PODS:
  - Alamofire (5.4.4)
  - Cosmos (23.0.0)
  - Kingfisher (7.0.0)

DEPENDENCIES:
  - Alamofire (~> 5.4)
  - Cosmos (~> 23.0)
  - Kingfisher (~> 7.0)

SPEC REPOS:
  trunk:
    - Alamofire
    - Cosmos
    - Kingfisher

SPEC CHECKSUMS:
  Alamofire: f3b09a368f1582ab751b3fff5460276e0d2cf5c9
  Cosmos: b5c6a9a637e28a061b54c8f8b1d8529d7d4db73f
  Kingfisher: 5efc54fec3980f92354898532e562cc17f31efb4

PODFILE CHECKSUM: 18f1707d6747201aac854d3e80de1e2f945f40c3

COCOAPODS: 1.10.1
